
Microsoft Visual Studio Solution File, Format Version 12.00
# Visual Studio Version 17
VisualStudioVersion = 17.9.34622.214
MinimumVisualStudioVersion = 10.0.40219.1
Project("{FAE04EC0-301F-11D3-BF4B-00C04F79EFBC}") = "FaceRecognitionTest", "FaceRecognitionTest\FaceRecognitionTest.csproj", "{89E80201-B446-4F50-9C46-828AD6850CF1}"
EndProject
Global
	GlobalSection(SolutionConfigurationPlatforms) = preSolution
		Debug|Any CPU = Debug|Any CPU
		Release|Any CPU = Release|Any CPU
	EndGlobalSection
	GlobalSection(ProjectConfigurationPlatforms) = postSolution
		{89E80201-B446-4F50-9C46-828AD6850CF1}.Debug|Any CPU.ActiveCfg = Debug|Any CPU
		{89E80201-B446-4F50-9C46-828AD6850CF1}.Debug|Any CPU.Build.0 = Debug|Any CPU
		{89E80201-B446-4F50-9C46-828AD6850CF1}.Release|Any CPU.ActiveCfg = Release|Any CPU
		{89E80201-B446-4F50-9C46-828AD6850CF1}.Release|Any CPU.Build.0 = Release|Any CPU
	EndGlobalSection
	GlobalSection(SolutionProperties) = preSolution
		HideSolutionNode = FALSE
	EndGlobalSection
	GlobalSection(ExtensibilityGlobals) = postSolution
		SolutionGuid = {82FBC32C-752C-40B4-92BB-133042442443}
	EndGlobalSection
EndGlobal
